
Microsoft Visual Studio Solution File, Format Version 12.00
Project("{2150E333-8FDC-42A3-9474-1A3956D46DE8}") = "src", "src", "{4D1BA30A-0F4A-4340-B78D-058F016BA148}"
EndProject
Project("{2150E333-8FDC-42A3-9474-1A3956D46DE8}") = "tests", "tests", "{A9AB4C84-1196-42AF-9408-0A8E7D272FC3}"
EndProject
Project("{FAE04EC0-301F-11D3-BF4B-00C04F79EFBC}") = "User.ComponentTests", "User.ComponentTests\User.ComponentTests.csproj", "{E3E930D5-7163-4A3E-B663-FA2834848954}"
EndProject
Project("{FAE04EC0-301F-11D3-BF4B-00C04F79EFBC}") = "ConfIT", "..\src\ConfIT\ConfIT.csproj", "{3619CF0F-00B0-48BE-8185-2F9C58EF8080}"
EndProject
Project("{FAE04EC0-301F-11D3-BF4B-00C04F79EFBC}") = "User.IntegrationTests", "User.IntegrationTests\User.IntegrationTests.csproj", "{82FCE34D-F68F-4B2E-835B-3CC05F67B12E}"
EndProject
Project("{FAE04EC0-301F-11D3-BF4B-00C04F79EFBC}") = "User.Api", "User.Api\User.Api.csproj", "{A439C278-BC80-4229-9970-5F7F35C42CD9}"
EndProject
Project("{FAE04EC0-301F-11D3-BF4B-00C04F79EFBC}") = "JustAnotherService", "JustAnotherService\JustAnotherService.csproj", "{99E1A461-22BA-47DA-9EB0-641D768A5AE5}"
EndProject
Global
	GlobalSection(SolutionConfigurationPlatforms) = preSolution
		Debug|Any CPU = Debug|Any CPU
		Release|Any CPU = Release|Any CPU
	EndGlobalSection
	GlobalSection(ProjectConfigurationPlatforms) = postSolution
		{E3E930D5-7163-4A3E-B663-FA2834848954}.Debug|Any CPU.ActiveCfg = Debug|Any CPU
		{E3E930D5-7163-4A3E-B663-FA2834848954}.Debug|Any CPU.Build.0 = Debug|Any CPU
		{E3E930D5-7163-4A3E-B663-FA2834848954}.Release|Any CPU.ActiveCfg = Release|Any CPU
		{E3E930D5-7163-4A3E-B663-FA2834848954}.Release|Any CPU.Build.0 = Release|Any CPU
		{3619CF0F-00B0-48BE-8185-2F9C58EF8080}.Debug|Any CPU.ActiveCfg = Debug|Any CPU
		{3619CF0F-00B0-48BE-8185-2F9C58EF8080}.Debug|Any CPU.Build.0 = Debug|Any CPU
		{3619CF0F-00B0-48BE-8185-2F9C58EF8080}.Release|Any CPU.ActiveCfg = Release|Any CPU
		{3619CF0F-00B0-48BE-8185-2F9C58EF8080}.Release|Any CPU.Build.0 = Release|Any CPU
		{82FCE34D-F68F-4B2E-835B-3CC05F67B12E}.Debug|Any CPU.ActiveCfg = Debug|Any CPU
		{82FCE34D-F68F-4B2E-835B-3CC05F67B12E}.Debug|Any CPU.Build.0 = Debug|Any CPU
		{82FCE34D-F68F-4B2E-835B-3CC05F67B12E}.Release|Any CPU.ActiveCfg = Release|Any CPU
		{82FCE34D-F68F-4B2E-835B-3CC05F67B12E}.Release|Any CPU.Build.0 = Release|Any CPU
		{A439C278-BC80-4229-9970-5F7F35C42CD9}.Debug|Any CPU.ActiveCfg = Debug|Any CPU
		{A439C278-BC80-4229-9970-5F7F35C42CD9}.Debug|Any CPU.Build.0 = Debug|Any CPU
		{A439C278-BC80-4229-9970-5F7F35C42CD9}.Release|Any CPU.ActiveCfg = Release|Any CPU
		{A439C278-BC80-4229-9970-5F7F35C42CD9}.Release|Any CPU.Build.0 = Release|Any CPU
		{99E1A461-22BA-47DA-9EB0-641D768A5AE5}.Debug|Any CPU.ActiveCfg = Debug|Any CPU
		{99E1A461-22BA-47DA-9EB0-641D768A5AE5}.Debug|Any CPU.Build.0 = Debug|Any CPU
		{99E1A461-22BA-47DA-9EB0-641D768A5AE5}.Release|Any CPU.ActiveCfg = Release|Any CPU
		{99E1A461-22BA-47DA-9EB0-641D768A5AE5}.Release|Any CPU.Build.0 = Release|Any CPU
	EndGlobalSection
	GlobalSection(NestedProjects) = preSolution
		{E3E930D5-7163-4A3E-B663-FA2834848954} = {A9AB4C84-1196-42AF-9408-0A8E7D272FC3}
		{3619CF0F-00B0-48BE-8185-2F9C58EF8080} = {A9AB4C84-1196-42AF-9408-0A8E7D272FC3}
		{82FCE34D-F68F-4B2E-835B-3CC05F67B12E} = {A9AB4C84-1196-42AF-9408-0A8E7D272FC3}
		{A439C278-BC80-4229-9970-5F7F35C42CD9} = {4D1BA30A-0F4A-4340-B78D-058F016BA148}
		{99E1A461-22BA-47DA-9EB0-641D768A5AE5} = {4D1BA30A-0F4A-4340-B78D-058F016BA148}
	EndGlobalSection
EndGlobal
