
Microsoft Visual Studio Solution File, Format Version 12.00
# 
Project("{FAE04EC0-301F-11D3-BF4B-00C04F79EFBC}") = "ConfIT", "ConfIT\ConfIT.csproj", "{142A8513-7C48-491F-A95B-72AC1D8DAC0C}"
EndProject
Project("{2150E333-8FDC-42A3-9474-1A3956D46DE8}") = "src", "src", "{909C3B25-10CF-4916-896D-018D595B58F4}"
EndProject
Project("{FAE04EC0-301F-11D3-BF4B-00C04F79EFBC}") = "ConfIT.UnitTest", "..\test\ConfIT.UnitTest\ConfIT.UnitTest.csproj", "{87F66897-FD97-47FA-81AD-A6718D096C70}"
EndProject
Global
	GlobalSection(SolutionConfigurationPlatforms) = preSolution
		Debug|Any CPU = Debug|Any CPU
		Release|Any CPU = Release|Any CPU
	EndGlobalSection
	GlobalSection(ProjectConfigurationPlatforms) = postSolution
		{142A8513-7C48-491F-A95B-72AC1D8DAC0C}.Debug|Any CPU.ActiveCfg = Debug|Any CPU
		{142A8513-7C48-491F-A95B-72AC1D8DAC0C}.Debug|Any CPU.Build.0 = Debug|Any CPU
		{142A8513-7C48-491F-A95B-72AC1D8DAC0C}.Release|Any CPU.ActiveCfg = Release|Any CPU
		{142A8513-7C48-491F-A95B-72AC1D8DAC0C}.Release|Any CPU.Build.0 = Release|Any CPU
		{87F66897-FD97-47FA-81AD-A6718D096C70}.Debug|Any CPU.ActiveCfg = Debug|Any CPU
		{87F66897-FD97-47FA-81AD-A6718D096C70}.Debug|Any CPU.Build.0 = Debug|Any CPU
		{87F66897-FD97-47FA-81AD-A6718D096C70}.Release|Any CPU.ActiveCfg = Release|Any CPU
		{87F66897-FD97-47FA-81AD-A6718D096C70}.Release|Any CPU.Build.0 = Release|Any CPU
	EndGlobalSection
	GlobalSection(NestedProjects) = preSolution
		{142A8513-7C48-491F-A95B-72AC1D8DAC0C} = {909C3B25-10CF-4916-896D-018D595B58F4}
	EndGlobalSection
EndGlobal
